
Microsoft Visual Studio Solution File, Format Version 12.00
# Visual Studio Version 17
VisualStudioVersion = 17.3.32901.215
MinimumVisualStudioVersion = 10.0.40219.1
Project("{9A19103F-16F7-4668-BE54-9A1E7A4F7556}") = "Functional part", "ConsoleApp2\Functional part.csproj", "{ACFE1C9B-262C-43DA-B1A5-B5F26B7ED4A4}"
EndProject
Project("{FAE04EC0-301F-11D3-BF4B-00C04F79EFBC}") = "Serializer", "Serializer\Serializer.csproj", "{F72BE555-85EC-455F-A176-EED1A5B228CC}"
EndProject
Global
	GlobalSection(SolutionConfigurationPlatforms) = preSolution
		Debug|Any CPU = Debug|Any CPU
		Release|Any CPU = Release|Any CPU
	EndGlobalSection
	GlobalSection(ProjectConfigurationPlatforms) = postSolution
		{ACFE1C9B-262C-43DA-B1A5-B5F26B7ED4A4}.Debug|Any CPU.ActiveCfg = Debug|Any CPU
		{ACFE1C9B-262C-43DA-B1A5-B5F26B7ED4A4}.Debug|Any CPU.Build.0 = Debug|Any CPU
		{ACFE1C9B-262C-43DA-B1A5-B5F26B7ED4A4}.Release|Any CPU.ActiveCfg = Release|Any CPU
		{ACFE1C9B-262C-43DA-B1A5-B5F26B7ED4A4}.Release|Any CPU.Build.0 = Release|Any CPU
		{F72BE555-85EC-455F-A176-EED1A5B228CC}.Debug|Any CPU.ActiveCfg = Debug|Any CPU
		{F72BE555-85EC-455F-A176-EED1A5B228CC}.Debug|Any CPU.Build.0 = Debug|Any CPU
		{F72BE555-85EC-455F-A176-EED1A5B228CC}.Release|Any CPU.ActiveCfg = Release|Any CPU
		{F72BE555-85EC-455F-A176-EED1A5B228CC}.Release|Any CPU.Build.0 = Release|Any CPU
	EndGlobalSection
	GlobalSection(SolutionProperties) = preSolution
		HideSolutionNode = FALSE
	EndGlobalSection
	GlobalSection(ExtensibilityGlobals) = postSolution
		SolutionGuid = {4140606A-F1A4-423D-95BF-CEDC382AE1F7}
	EndGlobalSection
EndGlobal
